// !$*UTF8*$!
{
	archiveVersion = 1;
	classes = {
	};
	objectVersion = 50;
	objects = {

/* Begin PBXBuildFile section */
		569F11AC223C2DCF0095D5D3 /* AppDelegate.swift in Sources */ = {isa = PBXBuildFile; fileRef = 569F11AB223C2DCF0095D5D3 /* AppDelegate.swift */; };
		569F11AE223C2DCF0095D5D3 /* MainViewController.swift in Sources */ = {isa = PBXBuildFile; fileRef = 569F11AD223C2DCF0095D5D3 /* MainViewController.swift */; };
		569F11B1223C2DCF0095D5D3 /* Main.storyboard in Resources */ = {isa = PBXBuildFile; fileRef = 569F11AF223C2DCF0095D5D3 /* Main.storyboard */; };
		569F11B3223C2DD10095D5D3 /* Assets.xcassets in Resources */ = {isa = PBXBuildFile; fileRef = 569F11B2223C2DD10095D5D3 /* Assets.xcassets */; };
		569F11B6223C2DD10095D5D3 /* LaunchScreen.storyboard in Resources */ = {isa = PBXBuildFile; fileRef = 569F11B4223C2DD10095D5D3 /* LaunchScreen.storyboard */; };
		569F11C1223C2DD10095D5D3 /* UICollectionViewInUITableViewTests.swift in Sources */ = {isa = PBXBuildFile; fileRef = 569F11C0223C2DD10095D5D3 /* UICollectionViewInUITableViewTests.swift */; };
		569F11CC223C2DD10095D5D3 /* UICollectionViewInUITableViewUITests.swift in Sources */ = {isa = PBXBuildFile; fileRef = 569F11CB223C2DD10095D5D3 /* UICollectionViewInUITableViewUITests.swift */; };
		569F11E0223C2F870095D5D3 /* CustomTableViewCell.swift in Sources */ = {isa = PBXBuildFile; fileRef = 569F11DF223C2F870095D5D3 /* CustomTableViewCell.swift */; };
/* End PBXBuildFile section */

/* Begin PBXContainerItemProxy section */
		569F11BD223C2DD10095D5D3 /* PBXContainerItemProxy */ = {
			isa = PBXContainerItemProxy;
			containerPortal = 569F11A0223C2DCF0095D5D3 /* Project object */;
			proxyType = 1;
			remoteGlobalIDString = 569F11A7223C2DCF0095D5D3;
			remoteInfo = UICollectionViewInUITableView;
		};
		569F11C8223C2DD10095D5D3 /* PBXContainerItemProxy */ = {
			isa = PBXContainerItemProxy;
			containerPortal = 569F11A0223C2DCF0095D5D3 /* Project object */;
			proxyType = 1;
			remoteGlobalIDString = 569F11A7223C2DCF0095D5D3;
			remoteInfo = UICollectionViewInUITableView;
		};
/* End PBXContainerItemProxy section */

/* Begin PBXFileReference section */
		569F11A8223C2DCF0095D5D3 /* UICollectionViewInUITableView.app */ = {isa = PBXFileReference; explicitFileType = wrapper.application; includeInIndex = 0; path = UICollectionViewInUITableView.app; sourceTree = BUILT_PRODUCTS_DIR; };
		569F11AB223C2DCF0095D5D3 /* AppDelegate.swift */ = {isa = PBXFileReference; lastKnownFileType = sourcecode.swift; path = AppDelegate.swift; sourceTree = "<group>"; };
		569F11AD223C2DCF0095D5D3 /* MainViewController.swift */ = {isa = PBXFileReference; lastKnownFileType = sourcecode.swift; path = MainViewController.swift; sourceTree = "<group>"; };
		569F11B0223C2DCF0095D5D3 /* Base */ = {isa = PBXFileReference; lastKnownFileType = file.storyboard; name = Base; path = Base.lproj/Main.storyboard; sourceTree = "<group>"; };
		569F11B2223C2DD10095D5D3 /* Assets.xcassets */ = {isa = PBXFileReference; lastKnownFileType = folder.assetcatalog; path = Assets.xcassets; sourceTree = "<group>"; };
		569F11B5223C2DD10095D5D3 /* Base */ = {isa = PBXFileReference; lastKnownFileType = file.storyboard; name = Base; path = Base.lproj/LaunchScreen.storyboard; sourceTree = "<group>"; };
		569F11B7223C2DD10095D5D3 /* Info.plist */ = {isa = PBXFileReference; lastKnownFileType = text.plist.xml; path = Info.plist; sourceTree = "<group>"; };
		569F11BC223C2DD10095D5D3 /* UICollectionViewInUITableViewTests.xctest */ = {isa = PBXFileReference; explicitFileType = wrapper.cfbundle; includeInIndex = 0; path = UICollectionViewInUITableViewTests.xctest; sourceTree = BUILT_PRODUCTS_DIR; };
		569F11C0223C2DD10095D5D3 /* UICollectionViewInUITableViewTests.swift */ = {isa = PBXFileReference; lastKnownFileType = sourcecode.swift; path = UICollectionViewInUITableViewTests.swift; sourceTree = "<group>"; };
		569F11C2223C2DD10095D5D3 /* Info.plist */ = {isa = PBXFileReference; lastKnownFileType = text.plist.xml; path = Info.plist; sourceTree = "<group>"; };
		569F11C7223C2DD10095D5D3 /* UICollectionViewInUITableViewUITests.xctest */ = {isa = PBXFileReference; explicitFileType = wrapper.cfbundle; includeInIndex = 0; path = UICollectionViewInUITableViewUITests.xctest; sourceTree = BUILT_PRODUCTS_DIR; };
		569F11CB223C2DD10095D5D3 /* UICollectionViewInUITableViewUITests.swift */ = {isa = PBXFileReference; lastKnownFileType = sourcecode.swift; path = UICollectionViewInUITableViewUITests.swift; sourceTree = "<group>"; };
		569F11CD223C2DD10095D5D3 /* Info.plist */ = {isa = PBXFileReference; lastKnownFileType = text.plist.xml; path = Info.plist; sourceTree = "<group>"; };
		569F11DF223C2F870095D5D3 /* CustomTableViewCell.swift */ = {isa = PBXFileReference; lastKnownFileType = sourcecode.swift; path = CustomTableViewCell.swift; sourceTree = "<group>"; };
/* End PBXFileReference section */

/* Begin PBXFrameworksBuildPhase section */
		569F11A5223C2DCF0095D5D3 /* Frameworks */ = {
			isa = PBXFrameworksBuildPhase;
			buildActionMask = 2147483647;
			files = (
			);
			runOnlyForDeploymentPostprocessing = 0;
		};
		569F11B9223C2DD10095D5D3 /* Frameworks */ = {
			isa = PBXFrameworksBuildPhase;
			buildActionMask = 2147483647;
			files = (
			);
			runOnlyForDeploymentPostprocessing = 0;
		};
		569F11C4223C2DD10095D5D3 /* Frameworks */ = {
			isa = PBXFrameworksBuildPhase;
			buildActionMask = 2147483647;
			files = (
			);
			runOnlyForDeploymentPostprocessing = 0;
		};
/* End PBXFrameworksBuildPhase section */

/* Begin PBXGroup section */
		569F119F223C2DCF0095D5D3 = {
			isa = PBXGroup;
			children = (
				569F11AA223C2DCF0095D5D3 /* UICollectionViewInUITableView */,
				569F11BF223C2DD10095D5D3 /* UICollectionViewInUITableViewTests */,
				569F11CA223C2DD10095D5D3 /* UICollectionViewInUITableViewUITests */,
				569F11A9223C2DCF0095D5D3 /* Products */,
			);
			sourceTree = "<group>";
		};
		569F11A9223C2DCF0095D5D3 /* Products */ = {
			isa = PBXGroup;
			children = (
				569F11A8223C2DCF0095D5D3 /* UICollectionViewInUITableView.app */,
				569F11BC223C2DD10095D5D3 /* UICollectionViewInUITableViewTests.xctest */,
				569F11C7223C2DD10095D5D3 /* UICollectionViewInUITableViewUITests.xctest */,
			);
			name = Products;
			sourceTree = "<group>";
		};
		569F11AA223C2DCF0095D5D3 /* UICollectionViewInUITableView */ = {
			isa = PBXGroup;
			children = (
				569F11D9223C2DDB0095D5D3 /* Other */,
				569F11DC223C2E5C0095D5D3 /* Model */,
				569F11DB223C2E530095D5D3 /* View */,
				569F11DA223C2E410095D5D3 /* ViewController */,
			);
			path = UICollectionViewInUITableView;
			sourceTree = "<group>";
		};
		569F11BF223C2DD10095D5D3 /* UICollectionViewInUITableViewTests */ = {
			isa = PBXGroup;
			children = (
				569F11C0223C2DD10095D5D3 /* UICollectionViewInUITableViewTests.swift */,
				569F11C2223C2DD10095D5D3 /* Info.plist */,
			);
			path = UICollectionViewInUITableViewTests;
			sourceTree = "<group>";
		};
		569F11CA223C2DD10095D5D3 /* UICollectionViewInUITableViewUITests */ = {
			isa = PBXGroup;
			children = (
				569F11CB223C2DD10095D5D3 /* UICollectionViewInUITableViewUITests.swift */,
				569F11CD223C2DD10095D5D3 /* Info.plist */,
			);
			path = UICollectionViewInUITableViewUITests;
			sourceTree = "<group>";
		};
		569F11D9223C2DDB0095D5D3 /* Other */ = {
			isa = PBXGroup;
			children = (
				569F11AB223C2DCF0095D5D3 /* AppDelegate.swift */,
				569F11B2223C2DD10095D5D3 /* Assets.xcassets */,
				569F11B7223C2DD10095D5D3 /* Info.plist */,
			);
			path = Other;
			sourceTree = "<group>";
		};
		569F11DA223C2E410095D5D3 /* ViewController */ = {
			isa = PBXGroup;
			children = (
				569F11DE223C2E7B0095D5D3 /* Launch */,
				569F11DD223C2E710095D5D3 /* Main */,
			);
			path = ViewController;
			sourceTree = "<group>";
		};
		569F11DB223C2E530095D5D3 /* View */ = {
			isa = PBXGroup;
			children = (
				569F11DF223C2F870095D5D3 /* CustomTableViewCell.swift */,
			);
			path = View;
			sourceTree = "<group>";
		};
		569F11DC223C2E5C0095D5D3 /* Model */ = {
			isa = PBXGroup;
			children = (
			);
			path = Model;
			sourceTree = "<group>";
		};
		569F11DD223C2E710095D5D3 /* Main */ = {
			isa = PBXGroup;
			children = (
				569F11AD223C2DCF0095D5D3 /* MainViewController.swift */,
				569F11AF223C2DCF0095D5D3 /* Main.storyboard */,
			);
			path = Main;
			sourceTree = "<group>";
		};
		569F11DE223C2E7B0095D5D3 /* Launch */ = {
			isa = PBXGroup;
			children = (
				569F11B4223C2DD10095D5D3 /* LaunchScreen.storyboard */,
			);
			path = Launch;
			sourceTree = "<group>";
		};
/* End PBXGroup section */

/* Begin PBXNativeTarget section */
		569F11A7223C2DCF0095D5D3 /* UICollectionViewInUITableView */ = {
			isa = PBXNativeTarget;
			buildConfigurationList = 569F11D0223C2DD10095D5D3 /* Build configuration list for PBXNativeTarget "UICollectionViewInUITableView" */;
			buildPhases = (
				569F11A4223C2DCF0095D5D3 /* Sources */,
				569F11A5223C2DCF0095D5D3 /* Frameworks */,
				569F11A6223C2DCF0095D5D3 /* Resources */,
			);
			buildRules = (
			);
			dependencies = (
			);
			name = UICollectionViewInUITableView;
			productName = UICollectionViewInUITableView;
			productReference = 569F11A8223C2DCF0095D5D3 /* UICollectionViewInUITableView.app */;
			productType = "com.apple.product-type.application";
		};
		569F11BB223C2DD10095D5D3 /* UICollectionViewInUITableViewTests */ = {
			isa = PBXNativeTarget;
			buildConfigurationList = 569F11D3223C2DD10095D5D3 /* Build configuration list for PBXNativeTarget "UICollectionViewInUITableViewTests" */;
			buildPhases = (
				569F11B8223C2DD10095D5D3 /* Sources */,
				569F11B9223C2DD10095D5D3 /* Frameworks */,
				569F11BA223C2DD10095D5D3 /* Resources */,
			);
			buildRules = (
			);
			dependencies = (
				569F11BE223C2DD10095D5D3 /* PBXTargetDependency */,
			);
			name = UICollectionViewInUITableViewTests;
			productName = UICollectionViewInUITableViewTests;
			productReference = 569F11BC223C2DD10095D5D3 /* UICollectionViewInUITableViewTests.xctest */;
			productType = "com.apple.product-type.bundle.unit-test";
		};
		569F11C6223C2DD10095D5D3 /* UICollectionViewInUITableViewUITests */ = {
			isa = PBXNativeTarget;
			buildConfigurationList = 569F11D6223C2DD10095D5D3 /* Build configuration list for PBXNativeTarget "UICollectionViewInUITableViewUITests" */;
			buildPhases = (
				569F11C3223C2DD10095D5D3 /* Sources */,
				569F11C4223C2DD10095D5D3 /* Frameworks */,
				569F11C5223C2DD10095D5D3 /* Resources */,
			);
			buildRules = (
			);
			dependencies = (
				569F11C9223C2DD10095D5D3 /* PBXTargetDependency */,
			);
			name = UICollectionViewInUITableViewUITests;
			productName = UICollectionViewInUITableViewUITests;
			productReference = 569F11C7223C2DD10095D5D3 /* UICollectionViewInUITableViewUITests.xctest */;
			productType = "com.apple.product-type.bundle.ui-testing";
		};
/* End PBXNativeTarget section */

/* Begin PBXProject section */
		569F11A0223C2DCF0095D5D3 /* Project object */ = {
			isa = PBXProject;
			attributes = {
				LastSwiftUpdateCheck = 1010;
				LastUpgradeCheck = 1010;
				ORGANIZATIONNAME = "Hidetomo Masuda";
				TargetAttributes = {
					569F11A7223C2DCF0095D5D3 = {
						CreatedOnToolsVersion = 10.1;
					};
					569F11BB223C2DD10095D5D3 = {
						CreatedOnToolsVersion = 10.1;
						TestTargetID = 569F11A7223C2DCF0095D5D3;
					};
					569F11C6223C2DD10095D5D3 = {
						CreatedOnToolsVersion = 10.1;
						TestTargetID = 569F11A7223C2DCF0095D5D3;
					};
				};
			};
			buildConfigurationList = 569F11A3223C2DCF0095D5D3 /* Build configuration list for PBXProject "UICollectionViewInUITableView" */;
			compatibilityVersion = "Xcode 9.3";
			developmentRegion = en;
			hasScannedForEncodings = 0;
			knownRegions = (
				en,
				Base,
			);
			mainGroup = 569F119F223C2DCF0095D5D3;
			productRefGroup = 569F11A9223C2DCF0095D5D3 /* Products */;
			projectDirPath = "";
			projectRoot = "";
			targets = (
				569F11A7223C2DCF0095D5D3 /* UICollectionViewInUITableView */,
				569F11BB223C2DD10095D5D3 /* UICollectionViewInUITableViewTests */,
				569F11C6223C2DD10095D5D3 /* UICollectionViewInUITableViewUITests */,
			);
		};
/* End PBXProject section */

/* Begin PBXResourcesBuildPhase section */
		569F11A6223C2DCF0095D5D3 /* Resources */ = {
			isa = PBXResourcesBuildPhase;
			buildActionMask = 2147483647;
			files = (
				569F11B6223C2DD10095D5D3 /* LaunchScreen.storyboard in Resources */,
				569F11B3223C2DD10095D5D3 /* Assets.xcassets in Resources */,
				569F11B1223C2DCF0095D5D3 /* Main.storyboard in Resources */,
			);
			runOnlyForDeploymentPostprocessing = 0;
		};
		569F11BA223C2DD10095D5D3 /* Resources */ = {
			isa = PBXResourcesBuildPhase;
			buildActionMask = 2147483647;
			files = (
			);
			runOnlyForDeploymentPostprocessing = 0;
		};
		569F11C5223C2DD10095D5D3 /* Resources */ = {
			isa = PBXResourcesBuildPhase;
			buildActionMask = 2147483647;
			files = (
			);
			runOnlyForDeploymentPostprocessing = 0;
		};
/* End PBXResourcesBuildPhase section */

/* Begin PBXSourcesBuildPhase section */
		569F11A4223C2DCF0095D5D3 /* Sources */ = {
			isa = PBXSourcesBuildPhase;
			buildActionMask = 2147483647;
			files = (
				569F11E0223C2F870095D5D3 /* CustomTableViewCell.swift in Sources */,
				569F11AE223C2DCF0095D5D3 /* MainViewController.swift in Sources */,
				569F11AC223C2DCF0095D5D3 /* AppDelegate.swift in Sources */,
			);
			runOnlyForDeploymentPostprocessing = 0;
		};
		569F11B8223C2DD10095D5D3 /* Sources */ = {
			isa = PBXSourcesBuildPhase;
			buildActionMask = 2147483647;
			files = (
				569F11C1223C2DD10095D5D3 /* UICollectionViewInUITableViewTests.swift in Sources */,
			);
			runOnlyForDeploymentPostprocessing = 0;
		};
		569F11C3223C2DD10095D5D3 /* Sources */ = {
			isa = PBXSourcesBuildPhase;
			buildActionMask = 2147483647;
			files = (
				569F11CC223C2DD10095D5D3 /* UICollectionViewInUITableViewUITests.swift in Sources */,
			);
			runOnlyForDeploymentPostprocessing = 0;
		};
/* End PBXSourcesBuildPhase section */

/* Begin PBXTargetDependency section */
		569F11BE223C2DD10095D5D3 /* PBXTargetDependency */ = {
			isa = PBXTargetDependency;
			target = 569F11A7223C2DCF0095D5D3 /* UICollectionViewInUITableView */;
			targetProxy = 569F11BD223C2DD10095D5D3 /* PBXContainerItemProxy */;
		};
		569F11C9223C2DD10095D5D3 /* PBXTargetDependency */ = {
			isa = PBXTargetDependency;
			target = 569F11A7223C2DCF0095D5D3 /* UICollectionViewInUITableView */;
			targetProxy = 569F11C8223C2DD10095D5D3 /* PBXContainerItemProxy */;
		};
/* End PBXTargetDependency section */

/* Begin PBXVariantGroup section */
		569F11AF223C2DCF0095D5D3 /* Main.storyboard */ = {
			isa = PBXVariantGroup;
			children = (
				569F11B0223C2DCF0095D5D3 /* Base */,
			);
			name = Main.storyboard;
			sourceTree = "<group>";
		};
		569F11B4223C2DD10095D5D3 /* LaunchScreen.storyboard */ = {
			isa = PBXVariantGroup;
			children = (
				569F11B5223C2DD10095D5D3 /* Base */,
			);
			name = LaunchScreen.storyboard;
			sourceTree = "<group>";
		};
/* End PBXVariantGroup section */

/* Begin XCBuildConfiguration section */
		569F11CE223C2DD10095D5D3 /* Debug */ = {
			isa = XCBuildConfiguration;
			buildSettings = {
				ALWAYS_SEARCH_USER_PATHS = NO;
				CLANG_ANALYZER_NONNULL = YES;
				CLANG_ANALYZER_NUMBER_OBJECT_CONVERSION = YES_AGGRESSIVE;
				CLANG_CXX_LANGUAGE_STANDARD = "gnu++14";
				CLANG_CXX_LIBRARY = "libc++";
				CLANG_ENABLE_MODULES = YES;
				CLANG_ENABLE_OBJC_ARC = YES;
				CLANG_ENABLE_OBJC_WEAK = YES;
				CLANG_WARN_BLOCK_CAPTURE_AUTORELEASING = YES;
				CLANG_WARN_BOOL_CONVERSION = YES;
				CLANG_WARN_COMMA = YES;
				CLANG_WARN_CONSTANT_CONVERSION = YES;
				CLANG_WARN_DEPRECATED_OBJC_IMPLEMENTATIONS = YES;
				CLANG_WARN_DIRECT_OBJC_ISA_USAGE = YES_ERROR;
				CLANG_WARN_DOCUMENTATION_COMMENTS = YES;
				CLANG_WARN_EMPTY_BODY = YES;
				CLANG_WARN_ENUM_CONVERSION = YES;
				CLANG_WARN_INFINITE_RECURSION = YES;
				CLANG_WARN_INT_CONVERSION = YES;
				CLANG_WARN_NON_LITERAL_NULL_CONVERSION = YES;
				CLANG_WARN_OBJC_IMPLICIT_RETAIN_SELF = YES;
				CLANG_WARN_OBJC_LITERAL_CONVERSION = YES;
				CLANG_WARN_OBJC_ROOT_CLASS = YES_ERROR;
				CLANG_WARN_RANGE_LOOP_ANALYSIS = YES;
				CLANG_WARN_STRICT_PROTOTYPES = YES;
				CLANG_WARN_SUSPICIOUS_MOVE = YES;
				CLANG_WARN_UNGUARDED_AVAILABILITY = YES_AGGRESSIVE;
				CLANG_WARN_UNREACHABLE_CODE = YES;
				CLANG_WARN__DUPLICATE_METHOD_MATCH = YES;
				CODE_SIGN_IDENTITY = "iPhone Developer";
				COPY_PHASE_STRIP = NO;
				DEBUG_INFORMATION_FORMAT = dwarf;
				ENABLE_STRICT_OBJC_MSGSEND = YES;
				ENABLE_TESTABILITY = YES;
				GCC_C_LANGUAGE_STANDARD = gnu11;
				GCC_DYNAMIC_NO_PIC = NO;
				GCC_NO_COMMON_BLOCKS = YES;
				GCC_OPTIMIZATION_LEVEL = 0;
				GCC_PREPROCESSOR_DEFINITIONS = (
					"DEBUG=1",
					"$(inherited)",
				);
				GCC_WARN_64_TO_32_BIT_CONVERSION = YES;
				GCC_WARN_ABOUT_RETURN_TYPE = YES_ERROR;
				GCC_WARN_UNDECLARED_SELECTOR = YES;
				GCC_WARN_UNINITIALIZED_AUTOS = YES_AGGRESSIVE;
				GCC_WARN_UNUSED_FUNCTION = YES;
				GCC_WARN_UNUSED_VARIABLE = YES;
				IPHONEOS_DEPLOYMENT_TARGET = 12.1;
				MTL_ENABLE_DEBUG_INFO = INCLUDE_SOURCE;
				MTL_FAST_MATH = YES;
				ONLY_ACTIVE_ARCH = YES;
				SDKROOT = iphoneos;
				SWIFT_ACTIVE_COMPILATION_CONDITIONS = DEBUG;
				SWIFT_OPTIMIZATION_LEVEL = "-Onone";
			};
			name = Debug;
		};
		569F11CF223C2DD10095D5D3 /* Release */ = {
			isa = XCBuildConfiguration;
			buildSettings = {
				ALWAYS_SEARCH_USER_PATHS = NO;
				CLANG_ANALYZER_NONNULL = YES;
				CLANG_ANALYZER_NUMBER_OBJECT_CONVERSION = YES_AGGRESSIVE;
				CLANG_CXX_LANGUAGE_STANDARD = "gnu++14";
				CLANG_CXX_LIBRARY = "libc++";
				CLANG_ENABLE_MODULES = YES;
				CLANG_ENABLE_OBJC_ARC = YES;
				CLANG_ENABLE_OBJC_WEAK = YES;
				CLANG_WARN_BLOCK_CAPTURE_AUTORELEASING = YES;
				CLANG_WARN_BOOL_CONVERSION = YES;
				CLANG_WARN_COMMA = YES;
				CLANG_WARN_CONSTANT_CONVERSION = YES;
				CLANG_WARN_DEPRECATED_OBJC_IMPLEMENTATIONS = YES;
				CLANG_WARN_DIRECT_OBJC_ISA_USAGE = YES_ERROR;
				CLANG_WARN_DOCUMENTATION_COMMENTS = YES;
				CLANG_WARN_EMPTY_BODY = YES;
				CLANG_WARN_ENUM_CONVERSION = YES;
				CLANG_WARN_INFINITE_RECURSION = YES;
				CLANG_WARN_INT_CONVERSION = YES;
				CLANG_WARN_NON_LITERAL_NULL_CONVERSION = YES;
				CLANG_WARN_OBJC_IMPLICIT_RETAIN_SELF = YES;
				CLANG_WARN_OBJC_LITERAL_CONVERSION = YES;
				CLANG_WARN_OBJC_ROOT_CLASS = YES_ERROR;
				CLANG_WARN_RANGE_LOOP_ANALYSIS = YES;
				CLANG_WARN_STRICT_PROTOTYPES = YES;
				CLANG_WARN_SUSPICIOUS_MOVE = YES;
				CLANG_WARN_UNGUARDED_AVAILABILITY = YES_AGGRESSIVE;
				CLANG_WARN_UNREACHABLE_CODE = YES;
				CLANG_WARN__DUPLICATE_METHOD_MATCH = YES;
				CODE_SIGN_IDENTITY = "iPhone Developer";
				COPY_PHASE_STRIP = NO;
				DEBUG_INFORMATION_FORMAT = "dwarf-with-dsym";
				ENABLE_NS_ASSERTIONS = NO;
				ENABLE_STRICT_OBJC_MSGSEND = YES;
				GCC_C_LANGUAGE_STANDARD = gnu11;
				GCC_NO_COMMON_BLOCKS = YES;
				GCC_WARN_64_TO_32_BIT_CONVERSION = YES;
				GCC_WARN_ABOUT_RETURN_TYPE = YES_ERROR;
				GCC_WARN_UNDECLARED_SELECTOR = YES;
				GCC_WARN_UNINITIALIZED_AUTOS = YES_AGGRESSIVE;
				GCC_WARN_UNUSED_FUNCTION = YES;
				GCC_WARN_UNUSED_VARIABLE = YES;
				IPHONEOS_DEPLOYMENT_TARGET = 12.1;
				MTL_ENABLE_DEBUG_INFO = NO;
				MTL_FAST_MATH = YES;
				SDKROOT = iphoneos;
				SWIFT_COMPILATION_MODE = wholemodule;
				SWIFT_OPTIMIZATION_LEVEL = "-O";
				VALIDATE_PRODUCT = YES;
			};
			name = Release;
		};
		569F11D1223C2DD10095D5D3 /* Debug */ = {
			isa = XCBuildConfiguration;
			buildSettings = {
				ASSETCATALOG_COMPILER_APPICON_NAME = AppIcon;
				CODE_SIGN_STYLE = Automatic;
				DEVELOPMENT_TEAM = 9LY3B67W33;
				INFOPLIST_FILE = UICollectionViewInUITableView/Info.plist;
				LD_RUNPATH_SEARCH_PATHS = (
					"$(inherited)",
					"@executable_path/Frameworks",
				);
				PRODUCT_BUNDLE_IDENTIFIER = "Hidetomo-Masuda.UICollectionViewInUITableView";
				PRODUCT_NAME = "$(TARGET_NAME)";
				SWIFT_VERSION = 4.2;
				TARGETED_DEVICE_FAMILY = "1,2";
			};
			name = Debug;
		};
		569F11D2223C2DD10095D5D3 /* Release */ = {
			isa = XCBuildConfiguration;
			buildSettings = {
				ASSETCATALOG_COMPILER_APPICON_NAME = AppIcon;
				CODE_SIGN_STYLE = Automatic;
				DEVELOPMENT_TEAM = 9LY3B67W33;
				INFOPLIST_FILE = UICollectionViewInUITableView/Info.plist;
				LD_RUNPATH_SEARCH_PATHS = (
					"$(inherited)",
					"@executable_path/Frameworks",
				);
				PRODUCT_BUNDLE_IDENTIFIER = "Hidetomo-Masuda.UICollectionViewInUITableView";
				PRODUCT_NAME = "$(TARGET_NAME)";
				SWIFT_VERSION = 4.2;
				TARGETED_DEVICE_FAMILY = "1,2";
			};
			name = Release;
		};
		569F11D4223C2DD10095D5D3 /* Debug */ = {
			isa = XCBuildConfiguration;
			buildSettings = {
				ALWAYS_EMBED_SWIFT_STANDARD_LIBRARIES = YES;
				BUNDLE_LOADER = "$(TEST_HOST)";
				CODE_SIGN_STYLE = Automatic;
				DEVELOPMENT_TEAM = 9LY3B67W33;
				INFOPLIST_FILE = UICollectionViewInUITableViewTests/Info.plist;
				LD_RUNPATH_SEARCH_PATHS = (
					"$(inherited)",
					"@executable_path/Frameworks",
					"@loader_path/Frameworks",
				);
				PRODUCT_BUNDLE_IDENTIFIER = "Hidetomo-Masuda.UICollectionViewInUITableViewTests";
				PRODUCT_NAME = "$(TARGET_NAME)";
				SWIFT_VERSION = 4.2;
				TARGETED_DEVICE_FAMILY = "1,2";
				TEST_HOST = "$(BUILT_PRODUCTS_DIR)/UICollectionViewInUITableView.app/UICollectionViewInUITableView";
			};
			name = Debug;
		};
		569F11D5223C2DD10095D5D3 /* Release */ = {
			isa = XCBuildConfiguration;
			buildSettings = {
				ALWAYS_EMBED_SWIFT_STANDARD_LIBRARIES = YES;
				BUNDLE_LOADER = "$(TEST_HOST)";
				CODE_SIGN_STYLE = Automatic;
				DEVELOPMENT_TEAM = 9LY3B67W33;
				INFOPLIST_FILE = UICollectionViewInUITableViewTests/Info.plist;
				LD_RUNPATH_SEARCH_PATHS = (
					"$(inherited)",
					"@executable_path/Frameworks",
					"@loader_path/Frameworks",
				);
				PRODUCT_BUNDLE_IDENTIFIER = "Hidetomo-Masuda.UICollectionViewInUITableViewTests";
				PRODUCT_NAME = "$(TARGET_NAME)";
				SWIFT_VERSION = 4.2;
				TARGETED_DEVICE_FAMILY = "1,2";
				TEST_HOST = "$(BUILT_PRODUCTS_DIR)/UICollectionViewInUITableView.app/UICollectionViewInUITableView";
			};
			name = Release;
		};
		569F11D7223C2DD10095D5D3 /* Debug */ = {
			isa = XCBuildConfiguration;
			buildSettings = {
				ALWAYS_EMBED_SWIFT_STANDARD_LIBRARIES = YES;
				CODE_SIGN_STYLE = Automatic;
				DEVELOPMENT_TEAM = 9LY3B67W33;
				INFOPLIST_FILE = UICollectionViewInUITableViewUITests/Info.plist;
				LD_RUNPATH_SEARCH_PATHS = (
					"$(inherited)",
					"@executable_path/Frameworks",
					"@loader_path/Frameworks",
				);
				PRODUCT_BUNDLE_IDENTIFIER = "Hidetomo-Masuda.UICollectionViewInUITableViewUITests";
				PRODUCT_NAME = "$(TARGET_NAME)";
				SWIFT_VERSION = 4.2;
				TARGETED_DEVICE_FAMILY = "1,2";
				TEST_TARGET_NAME = UICollectionViewInUITableView;
			};
			name = Debug;
		};
		569F11D8223C2DD10095D5D3 /* Release */ = {
			isa = XCBuildConfiguration;
			buildSettings = {
				ALWAYS_EMBED_SWIFT_STANDARD_LIBRARIES = YES;
				CODE_SIGN_STYLE = Automatic;
				DEVELOPMENT_TEAM = 9LY3B67W33;
				INFOPLIST_FILE = UICollectionViewInUITableViewUITests/Info.plist;
				LD_RUNPATH_SEARCH_PATHS = (
					"$(inherited)",
					"@executable_path/Frameworks",
					"@loader_path/Frameworks",
				);
				PRODUCT_BUNDLE_IDENTIFIER = "Hidetomo-Masuda.UICollectionViewInUITableViewUITests";
				PRODUCT_NAME = "$(TARGET_NAME)";
				SWIFT_VERSION = 4.2;
				TARGETED_DEVICE_FAMILY = "1,2";
				TEST_TARGET_NAME = UICollectionViewInUITableView;
			};
			name = Release;
		};
/* End XCBuildConfiguration section */

/* Begin XCConfigurationList section */
		569F11A3223C2DCF0095D5D3 /* Build configuration list for PBXProject "UICollectionViewInUITableView" */ = {
			isa = XCConfigurationList;
			buildConfigurations = (
				569F11CE223C2DD10095D5D3 /* Debug */,
				569F11CF223C2DD10095D5D3 /* Release */,
			);
			defaultConfigurationIsVisible = 0;
			defaultConfigurationName = Release;
		};
		569F11D0223C2DD10095D5D3 /* Build configuration list for PBXNativeTarget "UICollectionViewInUITableView" */ = {
			isa = XCConfigurationList;
			buildConfigurations = (
				569F11D1223C2DD10095D5D3 /* Debug */,
				569F11D2223C2DD10095D5D3 /* Release */,
			);
			defaultConfigurationIsVisible = 0;
			defaultConfigurationName = Release;
		};
		569F11D3223C2DD10095D5D3 /* Build configuration list for PBXNativeTarget "UICollectionViewInUITableViewTests" */ = {
			isa = XCConfigurationList;
			buildConfigurations = (
				569F11D4223C2DD10095D5D3 /* Debug */,
				569F11D5223C2DD10095D5D3 /* Release */,
			);
			defaultConfigurationIsVisible = 0;
			defaultConfigurationName = Release;
		};
		569F11D6223C2DD10095D5D3 /* Build configuration list for PBXNativeTarget "UICollectionViewInUITableViewUITests" */ = {
			isa = XCConfigurationList;
			buildConfigurations = (
				569F11D7223C2DD10095D5D3 /* Debug */,
				569F11D8223C2DD10095D5D3 /* Release */,
			);
			defaultConfigurationIsVisible = 0;
			defaultConfigurationName = Release;
		};
/* End XCConfigurationList section */
	};
	rootObject = 569F11A0223C2DCF0095D5D3 /* Project object */;
}
